{
  "pins" : [
    {
      "identity" : "wolfbase",
      "kind" : "remoteSourceControl",
      "location" : "https://github.com/wolfmcnally/WolfBase",
      "state" : {
        "revision" : "81a1ddeb4e21dadc34ed23faed3b61e475eb4fab",
        "version" : "4.0.0"
      }
    }
  ],
  "version" : 2
}
