{
  "originHash" : "9eae7f378d4fc7109835b5e7c6dc0aa35ead321f562d1132fbce6b4dea761aa9",
  "pins" : [
    {
      "identity" : "bcswiftdcbor",
      "kind" : "remoteSourceControl",
      "location" : "https://github.com/BlockchainCommons/BCSwiftDCBOR",
      "state" : {
        "revision" : "f659fabfece969c639d0e974c091b9b85e98b3c8",
        "version" : "2.0.1"
      }
    },
    {
      "identity" : "bcswiftfloat16",
      "kind" : "remoteSourceControl",
      "location" : "https://github.com/blockchaincommons/BCSwiftFloat16.git",
      "state" : {
        "revision" : "a27f3935a7b1db715713eda67369b02feade2ded",
        "version" : "2.0.0"
      }
    },
    {
      "identity" : "bcswifttags",
      "kind" : "remoteSourceControl",
      "location" : "https://github.com/BlockchainCommons/BCSwiftTags",
      "state" : {
        "revision" : "c7a1d820e7710ba2c874961c5dc7731017650661",
        "version" : "0.2.1"
      }
    },
    {
      "identity" : "swift-numberkit",
      "kind" : "remoteSourceControl",
      "location" : "https://github.com/objecthub/swift-numberkit.git",
      "state" : {
        "revision" : "33af3f9011e45dcd8ee696492d30dbcd5a8a67f3",
        "version" : "2.6.0"
      }
    },
    {
      "identity" : "swiftsortedcollections",
      "kind" : "remoteSourceControl",
      "location" : "https://github.com/wolfmcnally/SwiftSortedCollections",
      "state" : {
        "revision" : "dd6c8e0eaef987e55a35c056d185144a7c71fc19",
        "version" : "0.1.0"
      }
    }
  ],
  "version" : 3
}
