{
  "object": {
    "pins": [
      {
        "package": "WolfBase",
        "repositoryURL": "https://github.com/wolfmcnally/WolfBase",
        "state": {
          "branch": null,
          "revision": "2fce4e23cc125f6e177e57230b341decdd8959b1",
          "version": "3.24.0"
        }
      }
    ]
  },
  "version": 1
}
